
Microsoft Visual Studio Solution File, Format Version 12.00
# Visual Studio Version 16
VisualStudioVersion = 16.0.31515.178
MinimumVisualStudioVersion = 10.0.40219.1
Project("{FAE04EC0-301F-11D3-BF4B-00C04F79EFBC}") = "bafta-api", "bafta-api.csproj", "{3008BFEC-C3B3-4A6B-9755-669A90EA9905}"
EndProject
Global
	GlobalSection(SolutionConfigurationPlatforms) = preSolution
		Debug|Any CPU = Debug|Any CPU
		Release|Any CPU = Release|Any CPU
	EndGlobalSection
	GlobalSection(ProjectConfigurationPlatforms) = postSolution
		{3008BFEC-C3B3-4A6B-9755-669A90EA9905}.Debug|Any CPU.ActiveCfg = Debug|Any CPU
		{3008BFEC-C3B3-4A6B-9755-669A90EA9905}.Debug|Any CPU.Build.0 = Debug|Any CPU
		{3008BFEC-C3B3-4A6B-9755-669A90EA9905}.Release|Any CPU.ActiveCfg = Release|Any CPU
		{3008BFEC-C3B3-4A6B-9755-669A90EA9905}.Release|Any CPU.Build.0 = Release|Any CPU
	EndGlobalSection
	GlobalSection(SolutionProperties) = preSolution
		HideSolutionNode = FALSE
	EndGlobalSection
	GlobalSection(ExtensibilityGlobals) = postSolution
		SolutionGuid = {95802859-E660-43CD-A203-BF3A4E62486A}
	EndGlobalSection
EndGlobal
